// !$*UTF8*$!
{
	archiveVersion = 1;
	classes = {
	};
	objectVersion = 48;
	objects = {

/* Begin PBXBuildFile section */
		050D48B3E14DF8FFAAE89466 /* Pods_UCSCForum.framework in Frameworks */ = {isa = PBXBuildFile; fileRef = C732A4B17D1092C886FB39FB /* Pods_UCSCForum.framework */; };
		228C3192CB6FB0FE87403E6B /* Pods_UCSCForumTests.framework in Frameworks */ = {isa = PBXBuildFile; fileRef = BC068DB16A8B4D9BD6034170 /* Pods_UCSCForumTests.framework */; };
		51011CC3204BAF1600D4B857 /* WelcomeViewController.swift in Sources */ = {isa = PBXBuildFile; fileRef = 51011CC2204BAF1600D4B857 /* WelcomeViewController.swift */; };
		51011CC6204BEC4D00D4B857 /* User.swift in Sources */ = {isa = PBXBuildFile; fileRef = 51011CC5204BEC4D00D4B857 /* User.swift */; };
		51011CC8204BEE0000D4B857 /* UserInfoTableViewController.swift in Sources */ = {isa = PBXBuildFile; fileRef = 51011CC7204BEE0000D4B857 /* UserInfoTableViewController.swift */; };
		5111750D2024280D009E0EEF /* SignUpTableViewController.swift in Sources */ = {isa = PBXBuildFile; fileRef = 5111750C2024280D009E0EEF /* SignUpTableViewController.swift */; };
		5111750F202431A9009E0EEF /* styleTextFied.swift in Sources */ = {isa = PBXBuildFile; fileRef = 5111750E202431A9009E0EEF /* styleTextFied.swift */; };
		51117511202447A3009E0EEF /* loginTableViewController.swift in Sources */ = {isa = PBXBuildFile; fileRef = 51117510202447A3009E0EEF /* loginTableViewController.swift */; };
		511175132024E5F2009E0EEF /* VerifyTableViewController.swift in Sources */ = {isa = PBXBuildFile; fileRef = 511175122024E5F2009E0EEF /* VerifyTableViewController.swift */; };
		514FBE1B2013AFCD007F865E /* AppDelegate.swift in Sources */ = {isa = PBXBuildFile; fileRef = 514FBE1A2013AFCD007F865E /* AppDelegate.swift */; };
		514FBE1D2013AFCD007F865E /* FirstViewController.swift in Sources */ = {isa = PBXBuildFile; fileRef = 514FBE1C2013AFCD007F865E /* FirstViewController.swift */; };
		514FBE222013AFCD007F865E /* Main.storyboard in Resources */ = {isa = PBXBuildFile; fileRef = 514FBE202013AFCD007F865E /* Main.storyboard */; };
		514FBE242013AFCD007F865E /* Assets.xcassets in Resources */ = {isa = PBXBuildFile; fileRef = 514FBE232013AFCD007F865E /* Assets.xcassets */; };
		514FBE272013AFCD007F865E /* LaunchScreen.storyboard in Resources */ = {isa = PBXBuildFile; fileRef = 514FBE252013AFCD007F865E /* LaunchScreen.storyboard */; };
		514FBE322013AFCD007F865E /* UCSCForumTests.swift in Sources */ = {isa = PBXBuildFile; fileRef = 514FBE312013AFCD007F865E /* UCSCForumTests.swift */; };
		514FBE3D2013AFCD007F865E /* UCSCForumUITests.swift in Sources */ = {isa = PBXBuildFile; fileRef = 514FBE3C2013AFCD007F865E /* UCSCForumUITests.swift */; };
		519136892017CBD300756B00 /* TableViewController.swift in Sources */ = {isa = PBXBuildFile; fileRef = 519136882017CBD300756B00 /* TableViewController.swift */; };
		5191368D2017E9CD00756B00 /* ThirdViewController.swift in Sources */ = {isa = PBXBuildFile; fileRef = 5191368C2017E9CD00756B00 /* ThirdViewController.swift */; };
		51DDC0942017EE44005FD754 /* Signup.swift in Sources */ = {isa = PBXBuildFile; fileRef = 51DDC0932017EE44005FD754 /* Signup.swift */; };
		51DDC096201959A2005FD754 /* ItemTableViewCell.swift in Sources */ = {isa = PBXBuildFile; fileRef = 51DDC095201959A2005FD754 /* ItemTableViewCell.swift */; };
		51DDC09A201A9E7B005FD754 /* Montserrat-Regular.ttf in Resources */ = {isa = PBXBuildFile; fileRef = 51DDC098201A9E7B005FD754 /* Montserrat-Regular.ttf */; };
		51DDC09B201A9E7B005FD754 /* Montserrat-Bold.ttf in Resources */ = {isa = PBXBuildFile; fileRef = 51DDC099201A9E7B005FD754 /* Montserrat-Bold.ttf */; };
		659DB625201BD6BF009BAD96 /* GoogleService-Info.plist in Resources */ = {isa = PBXBuildFile; fileRef = 659DB624201BD6BF009BAD96 /* GoogleService-Info.plist */; };
		659DB626201BD6BF009BAD96 /* GoogleService-Info.plist in Resources */ = {isa = PBXBuildFile; fileRef = 659DB624201BD6BF009BAD96 /* GoogleService-Info.plist */; };
		659DB627201BD6BF009BAD96 /* GoogleService-Info.plist in Resources */ = {isa = PBXBuildFile; fileRef = 659DB624201BD6BF009BAD96 /* GoogleService-Info.plist */; };
		65BA6D79203BA06C0023C624 /* NewPostTableViewController.swift in Sources */ = {isa = PBXBuildFile; fileRef = 65BA6D78203BA06C0023C624 /* NewPostTableViewController.swift */; };
		65C14222203F7B7B00FC42DC /* CommentViewController.swift in Sources */ = {isa = PBXBuildFile; fileRef = 65C14221203F7B7B00FC42DC /* CommentViewController.swift */; };
		9686551E2043A7A7009E50E5 /* UILabel.swift in Sources */ = {isa = PBXBuildFile; fileRef = 9686551D2043A7A7009E50E5 /* UILabel.swift */; };
		96B08B5C203B6E5C00D0AA24 /* CategoryViewController.swift in Sources */ = {isa = PBXBuildFile; fileRef = 96B08B5B203B6E5C00D0AA24 /* CategoryViewController.swift */; };
		96B08B5E203B79D900D0AA24 /* AddressViewController.swift in Sources */ = {isa = PBXBuildFile; fileRef = 96B08B5D203B79D900D0AA24 /* AddressViewController.swift */; };
		96DA6F72204B771100F92089 /* DetailViewController.swift in Sources */ = {isa = PBXBuildFile; fileRef = 96DA6F71204B771100F92089 /* DetailViewController.swift */; };
		96DA6F74204B81B200F92089 /* DetailTableViewController.swift in Sources */ = {isa = PBXBuildFile; fileRef = 96DA6F73204B81B200F92089 /* DetailTableViewController.swift */; };
		B3C6148CF9D5B688335CD99E /* Pods_UCSCForumUITests.framework in Frameworks */ = {isa = PBXBuildFile; fileRef = 56DB02726A0125E7A728C752 /* Pods_UCSCForumUITests.framework */; };
/* End PBXBuildFile section */

/* Begin PBXContainerItemProxy section */
		514FBE2E2013AFCD007F865E /* PBXContainerItemProxy */ = {
			isa = PBXContainerItemProxy;
			containerPortal = 514FBE0F2013AFCD007F865E /* Project object */;
			proxyType = 1;
			remoteGlobalIDString = 514FBE162013AFCD007F865E;
			remoteInfo = UCSCForum;
		};
		514FBE392013AFCD007F865E /* PBXContainerItemProxy */ = {
			isa = PBXContainerItemProxy;
			containerPortal = 514FBE0F2013AFCD007F865E /* Project object */;
			proxyType = 1;
			remoteGlobalIDString = 514FBE162013AFCD007F865E;
			remoteInfo = UCSCForum;
		};
/* End PBXContainerItemProxy section */

/* Begin PBXFileReference section */
		036C52AB8B3666F4D9B797E9 /* Pods-UCSCForumUITests.release.xcconfig */ = {isa = PBXFileReference; includeInIndex = 1; lastKnownFileType = text.xcconfig; name = "Pods-UCSCForumUITests.release.xcconfig"; path = "Pods/Target Support Files/Pods-UCSCForumUITests/Pods-UCSCForumUITests.release.xcconfig"; sourceTree = "<group>"; };
		09B62651F87DE88945E5BD39 /* Pods-UCSCForumTests.release.xcconfig */ = {isa = PBXFileReference; includeInIndex = 1; lastKnownFileType = text.xcconfig; name = "Pods-UCSCForumTests.release.xcconfig"; path = "Pods/Target Support Files/Pods-UCSCForumTests/Pods-UCSCForumTests.release.xcconfig"; sourceTree = "<group>"; };
		51011CC2204BAF1600D4B857 /* WelcomeViewController.swift */ = {isa = PBXFileReference; lastKnownFileType = sourcecode.swift; path = WelcomeViewController.swift; sourceTree = "<group>"; };
		51011CC5204BEC4D00D4B857 /* User.swift */ = {isa = PBXFileReference; lastKnownFileType = sourcecode.swift; path = User.swift; sourceTree = "<group>"; };
		51011CC7204BEE0000D4B857 /* UserInfoTableViewController.swift */ = {isa = PBXFileReference; lastKnownFileType = sourcecode.swift; path = UserInfoTableViewController.swift; sourceTree = "<group>"; };
		5111750C2024280D009E0EEF /* SignUpTableViewController.swift */ = {isa = PBXFileReference; lastKnownFileType = sourcecode.swift; path = SignUpTableViewController.swift; sourceTree = "<group>"; };
		5111750E202431A9009E0EEF /* styleTextFied.swift */ = {isa = PBXFileReference; lastKnownFileType = sourcecode.swift; path = styleTextFied.swift; sourceTree = "<group>"; };
		51117510202447A3009E0EEF /* loginTableViewController.swift */ = {isa = PBXFileReference; lastKnownFileType = sourcecode.swift; path = loginTableViewController.swift; sourceTree = "<group>"; };
		511175122024E5F2009E0EEF /* VerifyTableViewController.swift */ = {isa = PBXFileReference; lastKnownFileType = sourcecode.swift; path = VerifyTableViewController.swift; sourceTree = "<group>"; };
		514FBE172013AFCD007F865E /* UCSCForum.app */ = {isa = PBXFileReference; explicitFileType = wrapper.application; includeInIndex = 0; path = UCSCForum.app; sourceTree = BUILT_PRODUCTS_DIR; };
		514FBE1A2013AFCD007F865E /* AppDelegate.swift */ = {isa = PBXFileReference; lastKnownFileType = sourcecode.swift; path = AppDelegate.swift; sourceTree = "<group>"; };
		514FBE1C2013AFCD007F865E /* FirstViewController.swift */ = {isa = PBXFileReference; lastKnownFileType = sourcecode.swift; path = FirstViewController.swift; sourceTree = "<group>"; };
		514FBE212013AFCD007F865E /* Base */ = {isa = PBXFileReference; lastKnownFileType = file.storyboard; name = Base; path = Base.lproj/Main.storyboard; sourceTree = "<group>"; };
		514FBE232013AFCD007F865E /* Assets.xcassets */ = {isa = PBXFileReference; lastKnownFileType = folder.assetcatalog; path = Assets.xcassets; sourceTree = "<group>"; };
		514FBE262013AFCD007F865E /* Base */ = {isa = PBXFileReference; lastKnownFileType = file.storyboard; name = Base; path = Base.lproj/LaunchScreen.storyboard; sourceTree = "<group>"; };
		514FBE282013AFCD007F865E /* Info.plist */ = {isa = PBXFileReference; lastKnownFileType = text.plist.xml; path = Info.plist; sourceTree = "<group>"; };
		514FBE2D2013AFCD007F865E /* UCSCForumTests.xctest */ = {isa = PBXFileReference; explicitFileType = wrapper.cfbundle; includeInIndex = 0; path = UCSCForumTests.xctest; sourceTree = BUILT_PRODUCTS_DIR; };
		514FBE312013AFCD007F865E /* UCSCForumTests.swift */ = {isa = PBXFileReference; lastKnownFileType = sourcecode.swift; path = UCSCForumTests.swift; sourceTree = "<group>"; };
		514FBE332013AFCD007F865E /* Info.plist */ = {isa = PBXFileReference; lastKnownFileType = text.plist.xml; path = Info.plist; sourceTree = "<group>"; };
		514FBE382013AFCD007F865E /* UCSCForumUITests.xctest */ = {isa = PBXFileReference; explicitFileType = wrapper.cfbundle; includeInIndex = 0; path = UCSCForumUITests.xctest; sourceTree = BUILT_PRODUCTS_DIR; };
		514FBE3C2013AFCD007F865E /* UCSCForumUITests.swift */ = {isa = PBXFileReference; lastKnownFileType = sourcecode.swift; path = UCSCForumUITests.swift; sourceTree = "<group>"; };
		514FBE3E2013AFCD007F865E /* Info.plist */ = {isa = PBXFileReference; lastKnownFileType = text.plist.xml; path = Info.plist; sourceTree = "<group>"; };
		519136882017CBD300756B00 /* TableViewController.swift */ = {isa = PBXFileReference; lastKnownFileType = sourcecode.swift; path = TableViewController.swift; sourceTree = "<group>"; };
		5191368C2017E9CD00756B00 /* ThirdViewController.swift */ = {isa = PBXFileReference; fileEncoding = 4; lastKnownFileType = sourcecode.swift; path = ThirdViewController.swift; sourceTree = "<group>"; };
		51DDC0932017EE44005FD754 /* Signup.swift */ = {isa = PBXFileReference; lastKnownFileType = sourcecode.swift; path = Signup.swift; sourceTree = "<group>"; };
		51DDC095201959A2005FD754 /* ItemTableViewCell.swift */ = {isa = PBXFileReference; lastKnownFileType = sourcecode.swift; path = ItemTableViewCell.swift; sourceTree = "<group>"; };
		51DDC098201A9E7B005FD754 /* Montserrat-Regular.ttf */ = {isa = PBXFileReference; lastKnownFileType = file; name = "Montserrat-Regular.ttf"; path = "UCSCForum/Montserrat-Regular.ttf"; sourceTree = SOURCE_ROOT; };
		51DDC099201A9E7B005FD754 /* Montserrat-Bold.ttf */ = {isa = PBXFileReference; lastKnownFileType = file; name = "Montserrat-Bold.ttf"; path = "UCSCForum/Montserrat-Bold.ttf"; sourceTree = SOURCE_ROOT; };
		56DB02726A0125E7A728C752 /* Pods_UCSCForumUITests.framework */ = {isa = PBXFileReference; explicitFileType = wrapper.framework; includeInIndex = 0; path = Pods_UCSCForumUITests.framework; sourceTree = BUILT_PRODUCTS_DIR; };
		5B7C00DC56D711D4E4FCC88C /* Pods-UCSCForumTests.debug.xcconfig */ = {isa = PBXFileReference; includeInIndex = 1; lastKnownFileType = text.xcconfig; name = "Pods-UCSCForumTests.debug.xcconfig"; path = "Pods/Target Support Files/Pods-UCSCForumTests/Pods-UCSCForumTests.debug.xcconfig"; sourceTree = "<group>"; };
		659DB624201BD6BF009BAD96 /* GoogleService-Info.plist */ = {isa = PBXFileReference; fileEncoding = 4; lastKnownFileType = text.plist.xml; path = "GoogleService-Info.plist"; sourceTree = "<group>"; };
		65BA6D78203BA06C0023C624 /* NewPostTableViewController.swift */ = {isa = PBXFileReference; fileEncoding = 4; lastKnownFileType = sourcecode.swift; path = NewPostTableViewController.swift; sourceTree = "<group>"; };
		65C14221203F7B7B00FC42DC /* CommentViewController.swift */ = {isa = PBXFileReference; lastKnownFileType = sourcecode.swift; path = CommentViewController.swift; sourceTree = "<group>"; };
		84E90025E508FE194A845A17 /* Pods-UCSCForum.release.xcconfig */ = {isa = PBXFileReference; includeInIndex = 1; lastKnownFileType = text.xcconfig; name = "Pods-UCSCForum.release.xcconfig"; path = "Pods/Target Support Files/Pods-UCSCForum/Pods-UCSCForum.release.xcconfig"; sourceTree = "<group>"; };
		9686551D2043A7A7009E50E5 /* UILabel.swift */ = {isa = PBXFileReference; lastKnownFileType = sourcecode.swift; path = UILabel.swift; sourceTree = "<group>"; };
		96B08B5B203B6E5C00D0AA24 /* CategoryViewController.swift */ = {isa = PBXFileReference; lastKnownFileType = sourcecode.swift; path = CategoryViewController.swift; sourceTree = "<group>"; };
		96B08B5D203B79D900D0AA24 /* AddressViewController.swift */ = {isa = PBXFileReference; lastKnownFileType = sourcecode.swift; path = AddressViewController.swift; sourceTree = "<group>"; };
		96DA6F71204B771100F92089 /* DetailViewController.swift */ = {isa = PBXFileReference; lastKnownFileType = sourcecode.swift; path = DetailViewController.swift; sourceTree = "<group>"; };
		96DA6F73204B81B200F92089 /* DetailTableViewController.swift */ = {isa = PBXFileReference; lastKnownFileType = sourcecode.swift; path = DetailTableViewController.swift; sourceTree = "<group>"; };
		A80B52D22C07BDB3FADD8C92 /* Pods-UCSCForum.debug.xcconfig */ = {isa = PBXFileReference; includeInIndex = 1; lastKnownFileType = text.xcconfig; name = "Pods-UCSCForum.debug.xcconfig"; path = "Pods/Target Support Files/Pods-UCSCForum/Pods-UCSCForum.debug.xcconfig"; sourceTree = "<group>"; };
		BC068DB16A8B4D9BD6034170 /* Pods_UCSCForumTests.framework */ = {isa = PBXFileReference; explicitFileType = wrapper.framework; includeInIndex = 0; path = Pods_UCSCForumTests.framework; sourceTree = BUILT_PRODUCTS_DIR; };
		C732A4B17D1092C886FB39FB /* Pods_UCSCForum.framework */ = {isa = PBXFileReference; explicitFileType = wrapper.framework; includeInIndex = 0; path = Pods_UCSCForum.framework; sourceTree = BUILT_PRODUCTS_DIR; };
		CC203C09CFD873FC938F3243 /* Pods-UCSCForumUITests.debug.xcconfig */ = {isa = PBXFileReference; includeInIndex = 1; lastKnownFileType = text.xcconfig; name = "Pods-UCSCForumUITests.debug.xcconfig"; path = "Pods/Target Support Files/Pods-UCSCForumUITests/Pods-UCSCForumUITests.debug.xcconfig"; sourceTree = "<group>"; };
/* End PBXFileReference section */

/* Begin PBXFrameworksBuildPhase section */
		514FBE142013AFCD007F865E /* Frameworks */ = {
			isa = PBXFrameworksBuildPhase;
			buildActionMask = 2147483647;
			files = (
				050D48B3E14DF8FFAAE89466 /* Pods_UCSCForum.framework in Frameworks */,
			);
			runOnlyForDeploymentPostprocessing = 0;
		};
		514FBE2A2013AFCD007F865E /* Frameworks */ = {
			isa = PBXFrameworksBuildPhase;
			buildActionMask = 2147483647;
			files = (
				228C3192CB6FB0FE87403E6B /* Pods_UCSCForumTests.framework in Frameworks */,
			);
			runOnlyForDeploymentPostprocessing = 0;
		};
		514FBE352013AFCD007F865E /* Frameworks */ = {
			isa = PBXFrameworksBuildPhase;
			buildActionMask = 2147483647;
			files = (
				B3C6148CF9D5B688335CD99E /* Pods_UCSCForumUITests.framework in Frameworks */,
			);
			runOnlyForDeploymentPostprocessing = 0;
		};
/* End PBXFrameworksBuildPhase section */

/* Begin PBXGroup section */
		51011CC4204BEC3500D4B857 /* Models */ = {
			isa = PBXGroup;
			children = (
				51011CC5204BEC4D00D4B857 /* User.swift */,
			);
			path = Models;
			sourceTree = "<group>";
		};
		514FBE0E2013AFCD007F865E = {
			isa = PBXGroup;
			children = (
				51DDC097201A9E69005FD754 /* Fonts */,
				514FBE192013AFCD007F865E /* UCSCForum */,
				514FBE302013AFCD007F865E /* UCSCForumTests */,
				514FBE3B2013AFCD007F865E /* UCSCForumUITests */,
				514FBE182013AFCD007F865E /* Products */,
				D43812DDB46C4B077F172419 /* Pods */,
				676CF407A4925B4AC3C05021 /* Frameworks */,
			);
			sourceTree = "<group>";
		};
		514FBE182013AFCD007F865E /* Products */ = {
			isa = PBXGroup;
			children = (
				514FBE172013AFCD007F865E /* UCSCForum.app */,
				514FBE2D2013AFCD007F865E /* UCSCForumTests.xctest */,
				514FBE382013AFCD007F865E /* UCSCForumUITests.xctest */,
			);
			name = Products;
			sourceTree = "<group>";
		};
		514FBE192013AFCD007F865E /* UCSCForum */ = {
			isa = PBXGroup;
			children = (
				51011CC4204BEC3500D4B857 /* Models */,
				51B2D871201FD33600A90917 /* UIViewControllers */,
				659DB624201BD6BF009BAD96 /* GoogleService-Info.plist */,
				514FBE1A2013AFCD007F865E /* AppDelegate.swift */,
				514FBE202013AFCD007F865E /* Main.storyboard */,
				51011CC7204BEE0000D4B857 /* UserInfoTableViewController.swift */,
				51011CC2204BAF1600D4B857 /* WelcomeViewController.swift */,
				514FBE232013AFCD007F865E /* Assets.xcassets */,
				514FBE252013AFCD007F865E /* LaunchScreen.storyboard */,
				514FBE282013AFCD007F865E /* Info.plist */,
				51DDC09C201AA46D005FD754 /* TableViewCells */,
			);
			path = UCSCForum;
			sourceTree = "<group>";
		};
		514FBE302013AFCD007F865E /* UCSCForumTests */ = {
			isa = PBXGroup;
			children = (
				514FBE312013AFCD007F865E /* UCSCForumTests.swift */,
				514FBE332013AFCD007F865E /* Info.plist */,
			);
			path = UCSCForumTests;
			sourceTree = "<group>";
		};
		514FBE3B2013AFCD007F865E /* UCSCForumUITests */ = {
			isa = PBXGroup;
			children = (
				514FBE3C2013AFCD007F865E /* UCSCForumUITests.swift */,
				514FBE3E2013AFCD007F865E /* Info.plist */,
			);
			path = UCSCForumUITests;
			sourceTree = "<group>";
		};
		51B2D871201FD33600A90917 /* UIViewControllers */ = {
			isa = PBXGroup;
			children = (
				519136882017CBD300756B00 /* TableViewController.swift */,
				514FBE1C2013AFCD007F865E /* FirstViewController.swift */,
				9686551D2043A7A7009E50E5 /* UILabel.swift */,
				5191368C2017E9CD00756B00 /* ThirdViewController.swift */,
				51DDC0932017EE44005FD754 /* Signup.swift */,
				5111750C2024280D009E0EEF /* SignUpTableViewController.swift */,
				65BA6D78203BA06C0023C624 /* NewPostTableViewController.swift */,
				96B08B5D203B79D900D0AA24 /* AddressViewController.swift */,
				5111750E202431A9009E0EEF /* styleTextFied.swift */,
				51117510202447A3009E0EEF /* loginTableViewController.swift */,
				511175122024E5F2009E0EEF /* VerifyTableViewController.swift */,
				96DA6F71204B771100F92089 /* DetailViewController.swift */,
				96DA6F73204B81B200F92089 /* DetailTableViewController.swift */,
				96B08B5B203B6E5C00D0AA24 /* CategoryViewController.swift */,
				65C14221203F7B7B00FC42DC /* CommentViewController.swift */,
			);
			path = UIViewControllers;
			sourceTree = "<group>";
		};
		51DDC097201A9E69005FD754 /* Fonts */ = {
			isa = PBXGroup;
			children = (
				51DDC099201A9E7B005FD754 /* Montserrat-Bold.ttf */,
				51DDC098201A9E7B005FD754 /* Montserrat-Regular.ttf */,
			);
			path = Fonts;
			sourceTree = "<group>";
		};
		51DDC09C201AA46D005FD754 /* TableViewCells */ = {
			isa = PBXGroup;
			children = (
				51DDC095201959A2005FD754 /* ItemTableViewCell.swift */,
			);
			path = TableViewCells;
			sourceTree = "<group>";
		};
		676CF407A4925B4AC3C05021 /* Frameworks */ = {
			isa = PBXGroup;
			children = (
				C732A4B17D1092C886FB39FB /* Pods_UCSCForum.framework */,
				BC068DB16A8B4D9BD6034170 /* Pods_UCSCForumTests.framework */,
				56DB02726A0125E7A728C752 /* Pods_UCSCForumUITests.framework */,
			);
			name = Frameworks;
			sourceTree = "<group>";
		};
		D43812DDB46C4B077F172419 /* Pods */ = {
			isa = PBXGroup;
			children = (
				A80B52D22C07BDB3FADD8C92 /* Pods-UCSCForum.debug.xcconfig */,
				84E90025E508FE194A845A17 /* Pods-UCSCForum.release.xcconfig */,
				5B7C00DC56D711D4E4FCC88C /* Pods-UCSCForumTests.debug.xcconfig */,
				09B62651F87DE88945E5BD39 /* Pods-UCSCForumTests.release.xcconfig */,
				CC203C09CFD873FC938F3243 /* Pods-UCSCForumUITests.debug.xcconfig */,
				036C52AB8B3666F4D9B797E9 /* Pods-UCSCForumUITests.release.xcconfig */,
			);
			name = Pods;
			sourceTree = "<group>";
		};
/* End PBXGroup section */

/* Begin PBXNativeTarget section */
		514FBE162013AFCD007F865E /* UCSCForum */ = {
			isa = PBXNativeTarget;
			buildConfigurationList = 514FBE412013AFCD007F865E /* Build configuration list for PBXNativeTarget "UCSCForum" */;
			buildPhases = (
				39AC604E9F107637125C9B77 /* [CP] Check Pods Manifest.lock */,
				514FBE132013AFCD007F865E /* Sources */,
				514FBE142013AFCD007F865E /* Frameworks */,
				514FBE152013AFCD007F865E /* Resources */,
				32973155411759A193ED084C /* [CP] Embed Pods Frameworks */,
				BFC4949402814DDEBC98BC9A /* [CP] Copy Pods Resources */,
			);
			buildRules = (
			);
			dependencies = (
			);
			name = UCSCForum;
			productName = UCSCForum;
			productReference = 514FBE172013AFCD007F865E /* UCSCForum.app */;
			productType = "com.apple.product-type.application";
		};
		514FBE2C2013AFCD007F865E /* UCSCForumTests */ = {
			isa = PBXNativeTarget;
			buildConfigurationList = 514FBE442013AFCD007F865E /* Build configuration list for PBXNativeTarget "UCSCForumTests" */;
			buildPhases = (
				27BD7978DFD9537FEC4FC0AC /* [CP] Check Pods Manifest.lock */,
				514FBE292013AFCD007F865E /* Sources */,
				514FBE2A2013AFCD007F865E /* Frameworks */,
				514FBE2B2013AFCD007F865E /* Resources */,
				6413EB3DC53B9649ECACD3C6 /* [CP] Embed Pods Frameworks */,
				A76D9C8B7750B5FAB99A4DBD /* [CP] Copy Pods Resources */,
			);
			buildRules = (
			);
			dependencies = (
				514FBE2F2013AFCD007F865E /* PBXTargetDependency */,
			);
			name = UCSCForumTests;
			productName = UCSCForumTests;
			productReference = 514FBE2D2013AFCD007F865E /* UCSCForumTests.xctest */;
			productType = "com.apple.product-type.bundle.unit-test";
		};
		514FBE372013AFCD007F865E /* UCSCForumUITests */ = {
			isa = PBXNativeTarget;
			buildConfigurationList = 514FBE472013AFCD007F865E /* Build configuration list for PBXNativeTarget "UCSCForumUITests" */;
			buildPhases = (
				A7A0FDB8EAF6F925F13E3D70 /* [CP] Check Pods Manifest.lock */,
				514FBE342013AFCD007F865E /* Sources */,
				514FBE352013AFCD007F865E /* Frameworks */,
				514FBE362013AFCD007F865E /* Resources */,
				FBA36858C6F3E9D3BB72309F /* [CP] Embed Pods Frameworks */,
				71D266F5C59D66233053458A /* [CP] Copy Pods Resources */,
			);
			buildRules = (
			);
			dependencies = (
				514FBE3A2013AFCD007F865E /* PBXTargetDependency */,
			);
			name = UCSCForumUITests;
			productName = UCSCForumUITests;
			productReference = 514FBE382013AFCD007F865E /* UCSCForumUITests.xctest */;
			productType = "com.apple.product-type.bundle.ui-testing";
		};
/* End PBXNativeTarget section */

/* Begin PBXProject section */
		514FBE0F2013AFCD007F865E /* Project object */ = {
			isa = PBXProject;
			attributes = {
				LastSwiftUpdateCheck = 0920;
				LastUpgradeCheck = 0920;
				ORGANIZATIONNAME = MacDouble;
				TargetAttributes = {
					514FBE162013AFCD007F865E = {
						CreatedOnToolsVersion = 9.2;
						ProvisioningStyle = Automatic;
					};
					514FBE2C2013AFCD007F865E = {
						CreatedOnToolsVersion = 9.2;
						ProvisioningStyle = Automatic;
						TestTargetID = 514FBE162013AFCD007F865E;
					};
					514FBE372013AFCD007F865E = {
						CreatedOnToolsVersion = 9.2;
						ProvisioningStyle = Automatic;
						TestTargetID = 514FBE162013AFCD007F865E;
					};
				};
			};
			buildConfigurationList = 514FBE122013AFCD007F865E /* Build configuration list for PBXProject "UCSCForum" */;
			compatibilityVersion = "Xcode 8.0";
			developmentRegion = en;
			hasScannedForEncodings = 0;
			knownRegions = (
				en,
				Base,
			);
			mainGroup = 514FBE0E2013AFCD007F865E;
			productRefGroup = 514FBE182013AFCD007F865E /* Products */;
			projectDirPath = "";
			projectRoot = "";
			targets = (
				514FBE162013AFCD007F865E /* UCSCForum */,
				514FBE2C2013AFCD007F865E /* UCSCForumTests */,
				514FBE372013AFCD007F865E /* UCSCForumUITests */,
			);
		};
/* End PBXProject section */

/* Begin PBXResourcesBuildPhase section */
		514FBE152013AFCD007F865E /* Resources */ = {
			isa = PBXResourcesBuildPhase;
			buildActionMask = 2147483647;
			files = (
				51DDC09B201A9E7B005FD754 /* Montserrat-Bold.ttf in Resources */,
				51DDC09A201A9E7B005FD754 /* Montserrat-Regular.ttf in Resources */,
				514FBE272013AFCD007F865E /* LaunchScreen.storyboard in Resources */,
				514FBE242013AFCD007F865E /* Assets.xcassets in Resources */,
				514FBE222013AFCD007F865E /* Main.storyboard in Resources */,
				659DB625201BD6BF009BAD96 /* GoogleService-Info.plist in Resources */,
			);
			runOnlyForDeploymentPostprocessing = 0;
		};
		514FBE2B2013AFCD007F865E /* Resources */ = {
			isa = PBXResourcesBuildPhase;
			buildActionMask = 2147483647;
			files = (
				659DB626201BD6BF009BAD96 /* GoogleService-Info.plist in Resources */,
			);
			runOnlyForDeploymentPostprocessing = 0;
		};
		514FBE362013AFCD007F865E /* Resources */ = {
			isa = PBXResourcesBuildPhase;
			buildActionMask = 2147483647;
			files = (
				659DB627201BD6BF009BAD96 /* GoogleService-Info.plist in Resources */,
			);
			runOnlyForDeploymentPostprocessing = 0;
		};
/* End PBXResourcesBuildPhase section */

/* Begin PBXShellScriptBuildPhase section */
		27BD7978DFD9537FEC4FC0AC /* [CP] Check Pods Manifest.lock */ = {
			isa = PBXShellScriptBuildPhase;
			buildActionMask = 2147483647;
			files = (
			);
			inputPaths = (
				"${PODS_PODFILE_DIR_PATH}/Podfile.lock",
				"${PODS_ROOT}/Manifest.lock",
			);
			name = "[CP] Check Pods Manifest.lock";
			outputPaths = (
				"$(DERIVED_FILE_DIR)/Pods-UCSCForumTests-checkManifestLockResult.txt",
			);
			runOnlyForDeploymentPostprocessing = 0;
			shellPath = /bin/sh;
			shellScript = "diff \"${PODS_PODFILE_DIR_PATH}/Podfile.lock\" \"${PODS_ROOT}/Manifest.lock\" > /dev/null\nif [ $? != 0 ] ; then\n    # print error to STDERR\n    echo \"error: The sandbox is not in sync with the Podfile.lock. Run 'pod install' or update your CocoaPods installation.\" >&2\n    exit 1\nfi\n# This output is used by Xcode 'outputs' to avoid re-running this script phase.\necho \"SUCCESS\" > \"${SCRIPT_OUTPUT_FILE_0}\"\n";
			showEnvVarsInLog = 0;
		};
		32973155411759A193ED084C /* [CP] Embed Pods Frameworks */ = {
			isa = PBXShellScriptBuildPhase;
			buildActionMask = 2147483647;
			files = (
			);
			inputPaths = (
				"${SRCROOT}/Pods/Target Support Files/Pods-UCSCForum/Pods-UCSCForum-frameworks.sh",
				"${BUILT_PRODUCTS_DIR}/GTMSessionFetcher/GTMSessionFetcher.framework",
				"${BUILT_PRODUCTS_DIR}/GoogleToolboxForMac/GoogleToolboxForMac.framework",
				"${BUILT_PRODUCTS_DIR}/Protobuf/Protobuf.framework",
				"${BUILT_PRODUCTS_DIR}/leveldb-library/leveldb.framework",
				"${BUILT_PRODUCTS_DIR}/nanopb/nanopb.framework",
			);
			name = "[CP] Embed Pods Frameworks";
			outputPaths = (
				"${TARGET_BUILD_DIR}/${FRAMEWORKS_FOLDER_PATH}/GTMSessionFetcher.framework",
				"${TARGET_BUILD_DIR}/${FRAMEWORKS_FOLDER_PATH}/GoogleToolboxForMac.framework",
				"${TARGET_BUILD_DIR}/${FRAMEWORKS_FOLDER_PATH}/Protobuf.framework",
				"${TARGET_BUILD_DIR}/${FRAMEWORKS_FOLDER_PATH}/leveldb.framework",
				"${TARGET_BUILD_DIR}/${FRAMEWORKS_FOLDER_PATH}/nanopb.framework",
			);
			runOnlyForDeploymentPostprocessing = 0;
			shellPath = /bin/sh;
			shellScript = "\"${SRCROOT}/Pods/Target Support Files/Pods-UCSCForum/Pods-UCSCForum-frameworks.sh\"\n";
			showEnvVarsInLog = 0;
		};
		39AC604E9F107637125C9B77 /* [CP] Check Pods Manifest.lock */ = {
			isa = PBXShellScriptBuildPhase;
			buildActionMask = 2147483647;
			files = (
			);
			inputPaths = (
				"${PODS_PODFILE_DIR_PATH}/Podfile.lock",
				"${PODS_ROOT}/Manifest.lock",
			);
			name = "[CP] Check Pods Manifest.lock";
			outputPaths = (
				"$(DERIVED_FILE_DIR)/Pods-UCSCForum-checkManifestLockResult.txt",
			);
			runOnlyForDeploymentPostprocessing = 0;
			shellPath = /bin/sh;
			shellScript = "diff \"${PODS_PODFILE_DIR_PATH}/Podfile.lock\" \"${PODS_ROOT}/Manifest.lock\" > /dev/null\nif [ $? != 0 ] ; then\n    # print error to STDERR\n    echo \"error: The sandbox is not in sync with the Podfile.lock. Run 'pod install' or update your CocoaPods installation.\" >&2\n    exit 1\nfi\n# This output is used by Xcode 'outputs' to avoid re-running this script phase.\necho \"SUCCESS\" > \"${SCRIPT_OUTPUT_FILE_0}\"\n";
			showEnvVarsInLog = 0;
		};
		6413EB3DC53B9649ECACD3C6 /* [CP] Embed Pods Frameworks */ = {
			isa = PBXShellScriptBuildPhase;
			buildActionMask = 2147483647;
			files = (
			);
			inputPaths = (
			);
			name = "[CP] Embed Pods Frameworks";
			outputPaths = (
			);
			runOnlyForDeploymentPostprocessing = 0;
			shellPath = /bin/sh;
			shellScript = "\"${SRCROOT}/Pods/Target Support Files/Pods-UCSCForumTests/Pods-UCSCForumTests-frameworks.sh\"\n";
			showEnvVarsInLog = 0;
		};
		71D266F5C59D66233053458A /* [CP] Copy Pods Resources */ = {
			isa = PBXShellScriptBuildPhase;
			buildActionMask = 2147483647;
			files = (
			);
			inputPaths = (
			);
			name = "[CP] Copy Pods Resources";
			outputPaths = (
			);
			runOnlyForDeploymentPostprocessing = 0;
			shellPath = /bin/sh;
			shellScript = "\"${SRCROOT}/Pods/Target Support Files/Pods-UCSCForumUITests/Pods-UCSCForumUITests-resources.sh\"\n";
			showEnvVarsInLog = 0;
		};
		A76D9C8B7750B5FAB99A4DBD /* [CP] Copy Pods Resources */ = {
			isa = PBXShellScriptBuildPhase;
			buildActionMask = 2147483647;
			files = (
			);
			inputPaths = (
			);
			name = "[CP] Copy Pods Resources";
			outputPaths = (
			);
			runOnlyForDeploymentPostprocessing = 0;
			shellPath = /bin/sh;
			shellScript = "\"${SRCROOT}/Pods/Target Support Files/Pods-UCSCForumTests/Pods-UCSCForumTests-resources.sh\"\n";
			showEnvVarsInLog = 0;
		};
		A7A0FDB8EAF6F925F13E3D70 /* [CP] Check Pods Manifest.lock */ = {
			isa = PBXShellScriptBuildPhase;
			buildActionMask = 2147483647;
			files = (
			);
			inputPaths = (
				"${PODS_PODFILE_DIR_PATH}/Podfile.lock",
				"${PODS_ROOT}/Manifest.lock",
			);
			name = "[CP] Check Pods Manifest.lock";
			outputPaths = (
				"$(DERIVED_FILE_DIR)/Pods-UCSCForumUITests-checkManifestLockResult.txt",
			);
			runOnlyForDeploymentPostprocessing = 0;
			shellPath = /bin/sh;
			shellScript = "diff \"${PODS_PODFILE_DIR_PATH}/Podfile.lock\" \"${PODS_ROOT}/Manifest.lock\" > /dev/null\nif [ $? != 0 ] ; then\n    # print error to STDERR\n    echo \"error: The sandbox is not in sync with the Podfile.lock. Run 'pod install' or update your CocoaPods installation.\" >&2\n    exit 1\nfi\n# This output is used by Xcode 'outputs' to avoid re-running this script phase.\necho \"SUCCESS\" > \"${SCRIPT_OUTPUT_FILE_0}\"\n";
			showEnvVarsInLog = 0;
		};
		BFC4949402814DDEBC98BC9A /* [CP] Copy Pods Resources */ = {
			isa = PBXShellScriptBuildPhase;
			buildActionMask = 2147483647;
			files = (
			);
			inputPaths = (
			);
			name = "[CP] Copy Pods Resources";
			outputPaths = (
			);
			runOnlyForDeploymentPostprocessing = 0;
			shellPath = /bin/sh;
			shellScript = "\"${SRCROOT}/Pods/Target Support Files/Pods-UCSCForum/Pods-UCSCForum-resources.sh\"\n";
			showEnvVarsInLog = 0;
		};
		FBA36858C6F3E9D3BB72309F /* [CP] Embed Pods Frameworks */ = {
			isa = PBXShellScriptBuildPhase;
			buildActionMask = 2147483647;
			files = (
			);
			inputPaths = (
			);
			name = "[CP] Embed Pods Frameworks";
			outputPaths = (
			);
			runOnlyForDeploymentPostprocessing = 0;
			shellPath = /bin/sh;
			shellScript = "\"${SRCROOT}/Pods/Target Support Files/Pods-UCSCForumUITests/Pods-UCSCForumUITests-frameworks.sh\"\n";
			showEnvVarsInLog = 0;
		};
/* End PBXShellScriptBuildPhase section */

/* Begin PBXSourcesBuildPhase section */
		514FBE132013AFCD007F865E /* Sources */ = {
			isa = PBXSourcesBuildPhase;
			buildActionMask = 2147483647;
			files = (
				65C14222203F7B7B00FC42DC /* CommentViewController.swift in Sources */,
				514FBE1B2013AFCD007F865E /* AppDelegate.swift in Sources */,
				51117511202447A3009E0EEF /* loginTableViewController.swift in Sources */,
				51DDC0942017EE44005FD754 /* Signup.swift in Sources */,
				514FBE1D2013AFCD007F865E /* FirstViewController.swift in Sources */,
				96B08B5C203B6E5C00D0AA24 /* CategoryViewController.swift in Sources */,
				511175132024E5F2009E0EEF /* VerifyTableViewController.swift in Sources */,
				96DA6F72204B771100F92089 /* DetailViewController.swift in Sources */,
				65BA6D79203BA06C0023C624 /* NewPostTableViewController.swift in Sources */,
				51011CC3204BAF1600D4B857 /* WelcomeViewController.swift in Sources */,
				51011CC8204BEE0000D4B857 /* UserInfoTableViewController.swift in Sources */,
				5191368D2017E9CD00756B00 /* ThirdViewController.swift in Sources */,
				5111750F202431A9009E0EEF /* styleTextFied.swift in Sources */,
				9686551E2043A7A7009E50E5 /* UILabel.swift in Sources */,
				96DA6F74204B81B200F92089 /* DetailTableViewController.swift in Sources */,
				5111750D2024280D009E0EEF /* SignUpTableViewController.swift in Sources */,
				51DDC096201959A2005FD754 /* ItemTableViewCell.swift in Sources */,
				519136892017CBD300756B00 /* TableViewController.swift in Sources */,
				96B08B5E203B79D900D0AA24 /* AddressViewController.swift in Sources */,
				51011CC6204BEC4D00D4B857 /* User.swift in Sources */,
			);
			runOnlyForDeploymentPostprocessing = 0;
		};
		514FBE292013AFCD007F865E /* Sources */ = {
			isa = PBXSourcesBuildPhase;
			buildActionMask = 2147483647;
			files = (
				514FBE322013AFCD007F865E /* UCSCForumTests.swift in Sources */,
			);
			runOnlyForDeploymentPostprocessing = 0;
		};
		514FBE342013AFCD007F865E /* Sources */ = {
			isa = PBXSourcesBuildPhase;
			buildActionMask = 2147483647;
			files = (
				514FBE3D2013AFCD007F865E /* UCSCForumUITests.swift in Sources */,
			);
			runOnlyForDeploymentPostprocessing = 0;
		};
/* End PBXSourcesBuildPhase section */

/* Begin PBXTargetDependency section */
		514FBE2F2013AFCD007F865E /* PBXTargetDependency */ = {
			isa = PBXTargetDependency;
			target = 514FBE162013AFCD007F865E /* UCSCForum */;
			targetProxy = 514FBE2E2013AFCD007F865E /* PBXContainerItemProxy */;
		};
		514FBE3A2013AFCD007F865E /* PBXTargetDependency */ = {
			isa = PBXTargetDependency;
			target = 514FBE162013AFCD007F865E /* UCSCForum */;
			targetProxy = 514FBE392013AFCD007F865E /* PBXContainerItemProxy */;
		};
/* End PBXTargetDependency section */

/* Begin PBXVariantGroup section */
		514FBE202013AFCD007F865E /* Main.storyboard */ = {
			isa = PBXVariantGroup;
			children = (
				514FBE212013AFCD007F865E /* Base */,
			);
			name = Main.storyboard;
			sourceTree = "<group>";
		};
		514FBE252013AFCD007F865E /* LaunchScreen.storyboard */ = {
			isa = PBXVariantGroup;
			children = (
				514FBE262013AFCD007F865E /* Base */,
			);
			name = LaunchScreen.storyboard;
			sourceTree = "<group>";
		};
/* End PBXVariantGroup section */

/* Begin XCBuildConfiguration section */
		514FBE3F2013AFCD007F865E /* Debug */ = {
			isa = XCBuildConfiguration;
			buildSettings = {
				ALWAYS_SEARCH_USER_PATHS = NO;
				CLANG_ANALYZER_NONNULL = YES;
				CLANG_ANALYZER_NUMBER_OBJECT_CONVERSION = YES_AGGRESSIVE;
				CLANG_CXX_LANGUAGE_STANDARD = "gnu++14";
				CLANG_CXX_LIBRARY = "libc++";
				CLANG_ENABLE_MODULES = YES;
				CLANG_ENABLE_OBJC_ARC = YES;
				CLANG_WARN_BLOCK_CAPTURE_AUTORELEASING = YES;
				CLANG_WARN_BOOL_CONVERSION = YES;
				CLANG_WARN_COMMA = YES;
				CLANG_WARN_CONSTANT_CONVERSION = YES;
				CLANG_WARN_DIRECT_OBJC_ISA_USAGE = YES_ERROR;
				CLANG_WARN_DOCUMENTATION_COMMENTS = YES;
				CLANG_WARN_EMPTY_BODY = YES;
				CLANG_WARN_ENUM_CONVERSION = YES;
				CLANG_WARN_INFINITE_RECURSION = YES;
				CLANG_WARN_INT_CONVERSION = YES;
				CLANG_WARN_NON_LITERAL_NULL_CONVERSION = YES;
				CLANG_WARN_OBJC_LITERAL_CONVERSION = YES;
				CLANG_WARN_OBJC_ROOT_CLASS = YES_ERROR;
				CLANG_WARN_RANGE_LOOP_ANALYSIS = YES;
				CLANG_WARN_STRICT_PROTOTYPES = YES;
				CLANG_WARN_SUSPICIOUS_MOVE = YES;
				CLANG_WARN_UNGUARDED_AVAILABILITY = YES_AGGRESSIVE;
				CLANG_WARN_UNREACHABLE_CODE = YES;
				CLANG_WARN__DUPLICATE_METHOD_MATCH = YES;
				CODE_SIGN_IDENTITY = "iPhone Developer";
				COPY_PHASE_STRIP = NO;
				DEBUG_INFORMATION_FORMAT = dwarf;
				ENABLE_STRICT_OBJC_MSGSEND = YES;
				ENABLE_TESTABILITY = YES;
				GCC_C_LANGUAGE_STANDARD = gnu11;
				GCC_DYNAMIC_NO_PIC = NO;
				GCC_NO_COMMON_BLOCKS = YES;
				GCC_OPTIMIZATION_LEVEL = 0;
				GCC_PREPROCESSOR_DEFINITIONS = (
					"DEBUG=1",
					"$(inherited)",
				);
				GCC_WARN_64_TO_32_BIT_CONVERSION = YES;
				GCC_WARN_ABOUT_RETURN_TYPE = YES_ERROR;
				GCC_WARN_UNDECLARED_SELECTOR = YES;
				GCC_WARN_UNINITIALIZED_AUTOS = YES_AGGRESSIVE;
				GCC_WARN_UNUSED_FUNCTION = YES;
				GCC_WARN_UNUSED_VARIABLE = YES;
				IPHONEOS_DEPLOYMENT_TARGET = 11.2;
				MTL_ENABLE_DEBUG_INFO = YES;
				ONLY_ACTIVE_ARCH = YES;
				SDKROOT = iphoneos;
				SWIFT_ACTIVE_COMPILATION_CONDITIONS = DEBUG;
				SWIFT_OPTIMIZATION_LEVEL = "-Onone";
			};
			name = Debug;
		};
		514FBE402013AFCD007F865E /* Release */ = {
			isa = XCBuildConfiguration;
			buildSettings = {
				ALWAYS_SEARCH_USER_PATHS = NO;
				CLANG_ANALYZER_NONNULL = YES;
				CLANG_ANALYZER_NUMBER_OBJECT_CONVERSION = YES_AGGRESSIVE;
				CLANG_CXX_LANGUAGE_STANDARD = "gnu++14";
				CLANG_CXX_LIBRARY = "libc++";
				CLANG_ENABLE_MODULES = YES;
				CLANG_ENABLE_OBJC_ARC = YES;
				CLANG_WARN_BLOCK_CAPTURE_AUTORELEASING = YES;
				CLANG_WARN_BOOL_CONVERSION = YES;
				CLANG_WARN_COMMA = YES;
				CLANG_WARN_CONSTANT_CONVERSION = YES;
				CLANG_WARN_DIRECT_OBJC_ISA_USAGE = YES_ERROR;
				CLANG_WARN_DOCUMENTATION_COMMENTS = YES;
				CLANG_WARN_EMPTY_BODY = YES;
				CLANG_WARN_ENUM_CONVERSION = YES;
				CLANG_WARN_INFINITE_RECURSION = YES;
				CLANG_WARN_INT_CONVERSION = YES;
				CLANG_WARN_NON_LITERAL_NULL_CONVERSION = YES;
				CLANG_WARN_OBJC_LITERAL_CONVERSION = YES;
				CLANG_WARN_OBJC_ROOT_CLASS = YES_ERROR;
				CLANG_WARN_RANGE_LOOP_ANALYSIS = YES;
				CLANG_WARN_STRICT_PROTOTYPES = YES;
				CLANG_WARN_SUSPICIOUS_MOVE = YES;
				CLANG_WARN_UNGUARDED_AVAILABILITY = YES_AGGRESSIVE;
				CLANG_WARN_UNREACHABLE_CODE = YES;
				CLANG_WARN__DUPLICATE_METHOD_MATCH = YES;
				CODE_SIGN_IDENTITY = "iPhone Developer";
				COPY_PHASE_STRIP = NO;
				DEBUG_INFORMATION_FORMAT = "dwarf-with-dsym";
				ENABLE_NS_ASSERTIONS = NO;
				ENABLE_STRICT_OBJC_MSGSEND = YES;
				GCC_C_LANGUAGE_STANDARD = gnu11;
				GCC_NO_COMMON_BLOCKS = YES;
				GCC_WARN_64_TO_32_BIT_CONVERSION = YES;
				GCC_WARN_ABOUT_RETURN_TYPE = YES_ERROR;
				GCC_WARN_UNDECLARED_SELECTOR = YES;
				GCC_WARN_UNINITIALIZED_AUTOS = YES_AGGRESSIVE;
				GCC_WARN_UNUSED_FUNCTION = YES;
				GCC_WARN_UNUSED_VARIABLE = YES;
				IPHONEOS_DEPLOYMENT_TARGET = 11.2;
				MTL_ENABLE_DEBUG_INFO = NO;
				SDKROOT = iphoneos;
				SWIFT_OPTIMIZATION_LEVEL = "-Owholemodule";
				VALIDATE_PRODUCT = YES;
			};
			name = Release;
		};
		514FBE422013AFCD007F865E /* Debug */ = {
			isa = XCBuildConfiguration;
			baseConfigurationReference = A80B52D22C07BDB3FADD8C92 /* Pods-UCSCForum.debug.xcconfig */;
			buildSettings = {
				ASSETCATALOG_COMPILER_APPICON_NAME = AppIcon;
				CODE_SIGN_STYLE = Automatic;
				DEVELOPMENT_TEAM = 9TD58ZTBUU;
				INFOPLIST_FILE = UCSCForum/Info.plist;
				IPHONEOS_DEPLOYMENT_TARGET = 10.3;
				LD_RUNPATH_SEARCH_PATHS = "$(inherited) @executable_path/Frameworks";
				PRODUCT_BUNDLE_IDENTIFIER = com.RoyHuang.UCSCForum;
				PRODUCT_NAME = "$(TARGET_NAME)";
				SWIFT_VERSION = 4.0;
				TARGETED_DEVICE_FAMILY = "1,2";
			};
			name = Debug;
		};
		514FBE432013AFCD007F865E /* Release */ = {
			isa = XCBuildConfiguration;
			baseConfigurationReference = 84E90025E508FE194A845A17 /* Pods-UCSCForum.release.xcconfig */;
			buildSettings = {
				ASSETCATALOG_COMPILER_APPICON_NAME = AppIcon;
				CODE_SIGN_STYLE = Automatic;
				DEVELOPMENT_TEAM = 9TD58ZTBUU;
				INFOPLIST_FILE = UCSCForum/Info.plist;
				IPHONEOS_DEPLOYMENT_TARGET = 10.3;
				LD_RUNPATH_SEARCH_PATHS = "$(inherited) @executable_path/Frameworks";
				PRODUCT_BUNDLE_IDENTIFIER = com.RoyHuang.UCSCForum;
				PRODUCT_NAME = "$(TARGET_NAME)";
				SWIFT_VERSION = 4.0;
				TARGETED_DEVICE_FAMILY = "1,2";
			};
			name = Release;
		};
		514FBE452013AFCD007F865E /* Debug */ = {
			isa = XCBuildConfiguration;
			baseConfigurationReference = 5B7C00DC56D711D4E4FCC88C /* Pods-UCSCForumTests.debug.xcconfig */;
			buildSettings = {
				ALWAYS_EMBED_SWIFT_STANDARD_LIBRARIES = YES;
				BUNDLE_LOADER = "$(TEST_HOST)";
				CODE_SIGN_STYLE = Automatic;
				INFOPLIST_FILE = UCSCForumTests/Info.plist;
				LD_RUNPATH_SEARCH_PATHS = "$(inherited) @executable_path/Frameworks @loader_path/Frameworks";
				PRODUCT_BUNDLE_IDENTIFIER = com.RoyHuang.UCSCForumTests;
				PRODUCT_NAME = "$(TARGET_NAME)";
				SWIFT_VERSION = 4.0;
				TARGETED_DEVICE_FAMILY = "1,2";
				TEST_HOST = "$(BUILT_PRODUCTS_DIR)/UCSCForum.app/UCSCForum";
			};
			name = Debug;
		};
		514FBE462013AFCD007F865E /* Release */ = {
			isa = XCBuildConfiguration;
			baseConfigurationReference = 09B62651F87DE88945E5BD39 /* Pods-UCSCForumTests.release.xcconfig */;
			buildSettings = {
				ALWAYS_EMBED_SWIFT_STANDARD_LIBRARIES = YES;
				BUNDLE_LOADER = "$(TEST_HOST)";
				CODE_SIGN_STYLE = Automatic;
				INFOPLIST_FILE = UCSCForumTests/Info.plist;
				LD_RUNPATH_SEARCH_PATHS = "$(inherited) @executable_path/Frameworks @loader_path/Frameworks";
				PRODUCT_BUNDLE_IDENTIFIER = com.RoyHuang.UCSCForumTests;
				PRODUCT_NAME = "$(TARGET_NAME)";
				SWIFT_VERSION = 4.0;
				TARGETED_DEVICE_FAMILY = "1,2";
				TEST_HOST = "$(BUILT_PRODUCTS_DIR)/UCSCForum.app/UCSCForum";
			};
			name = Release;
		};
		514FBE482013AFCD007F865E /* Debug */ = {
			isa = XCBuildConfiguration;
			baseConfigurationReference = CC203C09CFD873FC938F3243 /* Pods-UCSCForumUITests.debug.xcconfig */;
			buildSettings = {
				ALWAYS_EMBED_SWIFT_STANDARD_LIBRARIES = YES;
				CODE_SIGN_STYLE = Automatic;
				INFOPLIST_FILE = UCSCForumUITests/Info.plist;
				LD_RUNPATH_SEARCH_PATHS = "$(inherited) @executable_path/Frameworks @loader_path/Frameworks";
				PRODUCT_BUNDLE_IDENTIFIER = com.RoyHuang.UCSCForumUITests;
				PRODUCT_NAME = "$(TARGET_NAME)";
				SWIFT_VERSION = 4.0;
				TARGETED_DEVICE_FAMILY = "1,2";
				TEST_TARGET_NAME = UCSCForum;
			};
			name = Debug;
		};
		514FBE492013AFCD007F865E /* Release */ = {
			isa = XCBuildConfiguration;
			baseConfigurationReference = 036C52AB8B3666F4D9B797E9 /* Pods-UCSCForumUITests.release.xcconfig */;
			buildSettings = {
				ALWAYS_EMBED_SWIFT_STANDARD_LIBRARIES = YES;
				CODE_SIGN_STYLE = Automatic;
				INFOPLIST_FILE = UCSCForumUITests/Info.plist;
				LD_RUNPATH_SEARCH_PATHS = "$(inherited) @executable_path/Frameworks @loader_path/Frameworks";
				PRODUCT_BUNDLE_IDENTIFIER = com.RoyHuang.UCSCForumUITests;
				PRODUCT_NAME = "$(TARGET_NAME)";
				SWIFT_VERSION = 4.0;
				TARGETED_DEVICE_FAMILY = "1,2";
				TEST_TARGET_NAME = UCSCForum;
			};
			name = Release;
		};
/* End XCBuildConfiguration section */

/* Begin XCConfigurationList section */
		514FBE122013AFCD007F865E /* Build configuration list for PBXProject "UCSCForum" */ = {
			isa = XCConfigurationList;
			buildConfigurations = (
				514FBE3F2013AFCD007F865E /* Debug */,
				514FBE402013AFCD007F865E /* Release */,
			);
			defaultConfigurationIsVisible = 0;
			defaultConfigurationName = Release;
		};
		514FBE412013AFCD007F865E /* Build configuration list for PBXNativeTarget "UCSCForum" */ = {
			isa = XCConfigurationList;
			buildConfigurations = (
				514FBE422013AFCD007F865E /* Debug */,
				514FBE432013AFCD007F865E /* Release */,
			);
			defaultConfigurationIsVisible = 0;
			defaultConfigurationName = Release;
		};
		514FBE442013AFCD007F865E /* Build configuration list for PBXNativeTarget "UCSCForumTests" */ = {
			isa = XCConfigurationList;
			buildConfigurations = (
				514FBE452013AFCD007F865E /* Debug */,
				514FBE462013AFCD007F865E /* Release */,
			);
			defaultConfigurationIsVisible = 0;
			defaultConfigurationName = Release;
		};
		514FBE472013AFCD007F865E /* Build configuration list for PBXNativeTarget "UCSCForumUITests" */ = {
			isa = XCConfigurationList;
			buildConfigurations = (
				514FBE482013AFCD007F865E /* Debug */,
				514FBE492013AFCD007F865E /* Release */,
			);
			defaultConfigurationIsVisible = 0;
			defaultConfigurationName = Release;
		};
/* End XCConfigurationList section */
	};
	rootObject = 514FBE0F2013AFCD007F865E /* Project object */;
}
